// !$*UTF8*$!
{
	archiveVersion = 1;
	classes = {
	};
	objectVersion = 46;
	objects = {

/* Begin PBXBuildFile section */
		506050871BFE2B4300CFFEA4 /* CollapsableTable.framework in Frameworks */ = {isa = PBXBuildFile; fileRef = 506050861BFE2B4300CFFEA4 /* CollapsableTable.framework */; };
		5060508A1BFE2B9D00CFFEA4 /* MenuSection.m in Sources */ = {isa = PBXBuildFile; fileRef = 506050891BFE2B9D00CFFEA4 /* MenuSection.m */; };
		5060508D1BFE2BA600CFFEA4 /* FakeModelBuilder.m in Sources */ = {isa = PBXBuildFile; fileRef = 5060508C1BFE2BA600CFFEA4 /* FakeModelBuilder.m */; };
		506050911BFE2BBF00CFFEA4 /* MenuSectionHeaderView.m in Sources */ = {isa = PBXBuildFile; fileRef = 5060508F1BFE2BBF00CFFEA4 /* MenuSectionHeaderView.m */; };
		506050921BFE2BBF00CFFEA4 /* MenuSectionHeaderView.xib in Resources */ = {isa = PBXBuildFile; fileRef = 506050901BFE2BBF00CFFEA4 /* MenuSectionHeaderView.xib */; };
		506050951BFE2BEA00CFFEA4 /* ViewController.m in Sources */ = {isa = PBXBuildFile; fileRef = 506050941BFE2BEA00CFFEA4 /* ViewController.m */; };
		50E4BACB1B9E8D72002488A6 /* main.m in Sources */ = {isa = PBXBuildFile; fileRef = 50E4BACA1B9E8D72002488A6 /* main.m */; };
		50E4BACE1B9E8D72002488A6 /* AppDelegate.m in Sources */ = {isa = PBXBuildFile; fileRef = 50E4BACD1B9E8D72002488A6 /* AppDelegate.m */; };
		50E4BAD41B9E8D72002488A6 /* Main.storyboard in Resources */ = {isa = PBXBuildFile; fileRef = 50E4BAD21B9E8D72002488A6 /* Main.storyboard */; };
		50E4BAD61B9E8D72002488A6 /* Images.xcassets in Resources */ = {isa = PBXBuildFile; fileRef = 50E4BAD51B9E8D72002488A6 /* Images.xcassets */; };
		50E4BAD91B9E8D72002488A6 /* LaunchScreen.xib in Resources */ = {isa = PBXBuildFile; fileRef = 50E4BAD71B9E8D72002488A6 /* LaunchScreen.xib */; };
/* End PBXBuildFile section */

/* Begin PBXFileReference section */
		506050861BFE2B4300CFFEA4 /* CollapsableTable.framework */ = {isa = PBXFileReference; lastKnownFileType = wrapper.framework; name = CollapsableTable.framework; path = "../../../../../Library/Developer/Xcode/DerivedData/OpenMe-cwtkofsvuptrqdcsgzcxvhmizjwf/Build/Products/Debug-iphoneos/CollapsableTable.framework"; sourceTree = "<group>"; };
		506050881BFE2B9D00CFFEA4 /* MenuSection.h */ = {isa = PBXFileReference; fileEncoding = 4; lastKnownFileType = sourcecode.c.h; name = MenuSection.h; path = Model/MenuSection.h; sourceTree = "<group>"; };
		506050891BFE2B9D00CFFEA4 /* MenuSection.m */ = {isa = PBXFileReference; fileEncoding = 4; lastKnownFileType = sourcecode.c.objc; name = MenuSection.m; path = Model/MenuSection.m; sourceTree = "<group>"; };
		5060508B1BFE2BA600CFFEA4 /* FakeModelBuilder.h */ = {isa = PBXFileReference; fileEncoding = 4; lastKnownFileType = sourcecode.c.h; name = FakeModelBuilder.h; path = Model/FakeModelBuilder.h; sourceTree = "<group>"; };
		5060508C1BFE2BA600CFFEA4 /* FakeModelBuilder.m */ = {isa = PBXFileReference; fileEncoding = 4; lastKnownFileType = sourcecode.c.objc; name = FakeModelBuilder.m; path = Model/FakeModelBuilder.m; sourceTree = "<group>"; };
		5060508E1BFE2BBF00CFFEA4 /* MenuSectionHeaderView.h */ = {isa = PBXFileReference; fileEncoding = 4; lastKnownFileType = sourcecode.c.h; name = MenuSectionHeaderView.h; path = View/MenuSectionHeaderView.h; sourceTree = "<group>"; };
		5060508F1BFE2BBF00CFFEA4 /* MenuSectionHeaderView.m */ = {isa = PBXFileReference; fileEncoding = 4; lastKnownFileType = sourcecode.c.objc; name = MenuSectionHeaderView.m; path = View/MenuSectionHeaderView.m; sourceTree = "<group>"; };
		506050901BFE2BBF00CFFEA4 /* MenuSectionHeaderView.xib */ = {isa = PBXFileReference; fileEncoding = 4; lastKnownFileType = file.xib; name = MenuSectionHeaderView.xib; path = View/MenuSectionHeaderView.xib; sourceTree = "<group>"; };
		506050931BFE2BEA00CFFEA4 /* ViewController.h */ = {isa = PBXFileReference; fileEncoding = 4; lastKnownFileType = sourcecode.c.h; name = ViewController.h; path = Controller/ViewController.h; sourceTree = "<group>"; };
		506050941BFE2BEA00CFFEA4 /* ViewController.m */ = {isa = PBXFileReference; fileEncoding = 4; lastKnownFileType = sourcecode.c.objc; name = ViewController.m; path = Controller/ViewController.m; sourceTree = "<group>"; };
		50E4BAC51B9E8D72002488A6 /* Example.app */ = {isa = PBXFileReference; explicitFileType = wrapper.application; includeInIndex = 0; path = Example.app; sourceTree = BUILT_PRODUCTS_DIR; };
		50E4BAC91B9E8D72002488A6 /* Info.plist */ = {isa = PBXFileReference; lastKnownFileType = text.plist.xml; path = Info.plist; sourceTree = "<group>"; };
		50E4BACA1B9E8D72002488A6 /* main.m */ = {isa = PBXFileReference; lastKnownFileType = sourcecode.c.objc; path = main.m; sourceTree = "<group>"; };
		50E4BACC1B9E8D72002488A6 /* AppDelegate.h */ = {isa = PBXFileReference; lastKnownFileType = sourcecode.c.h; path = AppDelegate.h; sourceTree = "<group>"; };
		50E4BACD1B9E8D72002488A6 /* AppDelegate.m */ = {isa = PBXFileReference; lastKnownFileType = sourcecode.c.objc; path = AppDelegate.m; sourceTree = "<group>"; };
		50E4BAD31B9E8D72002488A6 /* Base */ = {isa = PBXFileReference; lastKnownFileType = file.storyboard; name = Base; path = Base.lproj/Main.storyboard; sourceTree = "<group>"; };
		50E4BAD51B9E8D72002488A6 /* Images.xcassets */ = {isa = PBXFileReference; lastKnownFileType = folder.assetcatalog; path = Images.xcassets; sourceTree = "<group>"; };
		50E4BAD81B9E8D72002488A6 /* Base */ = {isa = PBXFileReference; lastKnownFileType = file.xib; name = Base; path = Base.lproj/LaunchScreen.xib; sourceTree = "<group>"; };
/* End PBXFileReference section */

/* Begin PBXFrameworksBuildPhase section */
		50E4BAC21B9E8D72002488A6 /* Frameworks */ = {
			isa = PBXFrameworksBuildPhase;
			buildActionMask = 2147483647;
			files = (
				506050871BFE2B4300CFFEA4 /* CollapsableTable.framework in Frameworks */,
			);
			runOnlyForDeploymentPostprocessing = 0;
		};
/* End PBXFrameworksBuildPhase section */

/* Begin PBXGroup section */
		506050961BFE2C1000CFFEA4 /* Dependencies */ = {
			isa = PBXGroup;
			children = (
				506050861BFE2B4300CFFEA4 /* CollapsableTable.framework */,
			);
			name = Dependencies;
			sourceTree = "<group>";
		};
		50AB33DB1BAD7D1D0087FDAB /* FakeModelBuilder */ = {
			isa = PBXGroup;
			children = (
				5060508B1BFE2BA600CFFEA4 /* FakeModelBuilder.h */,
				5060508C1BFE2BA600CFFEA4 /* FakeModelBuilder.m */,
			);
			name = FakeModelBuilder;
			sourceTree = "<group>";
		};
		50AB33DC1BAD7E2A0087FDAB /* MenuSectionHeaderView */ = {
			isa = PBXGroup;
			children = (
				5060508E1BFE2BBF00CFFEA4 /* MenuSectionHeaderView.h */,
				5060508F1BFE2BBF00CFFEA4 /* MenuSectionHeaderView.m */,
				506050901BFE2BBF00CFFEA4 /* MenuSectionHeaderView.xib */,
			);
			name = MenuSectionHeaderView;
			sourceTree = "<group>";
		};
		50AB33DD1BAD7E300087FDAB /* MenuSection */ = {
			isa = PBXGroup;
			children = (
				506050881BFE2B9D00CFFEA4 /* MenuSection.h */,
				506050891BFE2B9D00CFFEA4 /* MenuSection.m */,
			);
			name = MenuSection;
			sourceTree = "<group>";
		};
		50AB33DE1BAD7E370087FDAB /* ViewController */ = {
			isa = PBXGroup;
			children = (
				506050931BFE2BEA00CFFEA4 /* ViewController.h */,
				506050941BFE2BEA00CFFEA4 /* ViewController.m */,
			);
			name = ViewController;
			sourceTree = "<group>";
		};
		50AB33DF1BAD7E720087FDAB /* Model */ = {
			isa = PBXGroup;
			children = (
				50AB33DD1BAD7E300087FDAB /* MenuSection */,
				50AB33DB1BAD7D1D0087FDAB /* FakeModelBuilder */,
			);
			name = Model;
			sourceTree = "<group>";
		};
		50AB33E01BAD7E770087FDAB /* View */ = {
			isa = PBXGroup;
			children = (
				50AB33DC1BAD7E2A0087FDAB /* MenuSectionHeaderView */,
			);
			name = View;
			sourceTree = "<group>";
		};
		50AB33E11BAD7E7F0087FDAB /* Controller */ = {
			isa = PBXGroup;
			children = (
				50AB33DE1BAD7E370087FDAB /* ViewController */,
			);
			name = Controller;
			sourceTree = "<group>";
		};
		50E4BABC1B9E8D72002488A6 = {
			isa = PBXGroup;
			children = (
				50E4BAC71B9E8D72002488A6 /* Example */,
				50E4BAC61B9E8D72002488A6 /* Products */,
			);
			sourceTree = "<group>";
		};
		50E4BAC61B9E8D72002488A6 /* Products */ = {
			isa = PBXGroup;
			children = (
				50E4BAC51B9E8D72002488A6 /* Example.app */,
			);
			name = Products;
			sourceTree = "<group>";
		};
		50E4BAC71B9E8D72002488A6 /* Example */ = {
			isa = PBXGroup;
			children = (
				50E4BAD21B9E8D72002488A6 /* Main.storyboard */,
				50AB33DF1BAD7E720087FDAB /* Model */,
				50AB33E01BAD7E770087FDAB /* View */,
				50AB33E11BAD7E7F0087FDAB /* Controller */,
				506050961BFE2C1000CFFEA4 /* Dependencies */,
				50E4BAC81B9E8D72002488A6 /* Supporting Files */,
			);
			path = Example;
			sourceTree = "<group>";
		};
		50E4BAC81B9E8D72002488A6 /* Supporting Files */ = {
			isa = PBXGroup;
			children = (
				50E4BACC1B9E8D72002488A6 /* AppDelegate.h */,
				50E4BACD1B9E8D72002488A6 /* AppDelegate.m */,
				50E4BAD51B9E8D72002488A6 /* Images.xcassets */,
				50E4BAD71B9E8D72002488A6 /* LaunchScreen.xib */,
				50E4BAC91B9E8D72002488A6 /* Info.plist */,
				50E4BACA1B9E8D72002488A6 /* main.m */,
			);
			name = "Supporting Files";
			sourceTree = "<group>";
		};
/* End PBXGroup section */

/* Begin PBXNativeTarget section */
		50E4BAC41B9E8D72002488A6 /* Example */ = {
			isa = PBXNativeTarget;
			buildConfigurationList = 50E4BAE81B9E8D72002488A6 /* Build configuration list for PBXNativeTarget "Example" */;
			buildPhases = (
				50E4BAC11B9E8D72002488A6 /* Sources */,
				50E4BAC21B9E8D72002488A6 /* Frameworks */,
				50E4BAC31B9E8D72002488A6 /* Resources */,
			);
			buildRules = (
			);
			dependencies = (
			);
			name = Example;
			productName = Example;
			productReference = 50E4BAC51B9E8D72002488A6 /* Example.app */;
			productType = "com.apple.product-type.application";
		};
/* End PBXNativeTarget section */

/* Begin PBXProject section */
		50E4BABD1B9E8D72002488A6 /* Project object */ = {
			isa = PBXProject;
			attributes = {
				LastUpgradeCheck = 0700;
				ORGANIZATIONNAME = "Robert Nash";
				TargetAttributes = {
					50E4BAC41B9E8D72002488A6 = {
						CreatedOnToolsVersion = 6.4;
					};
				};
			};
			buildConfigurationList = 50E4BAC01B9E8D72002488A6 /* Build configuration list for PBXProject "Example" */;
			compatibilityVersion = "Xcode 3.2";
			developmentRegion = English;
			hasScannedForEncodings = 0;
			knownRegions = (
				en,
				Base,
			);
			mainGroup = 50E4BABC1B9E8D72002488A6;
			productRefGroup = 50E4BAC61B9E8D72002488A6 /* Products */;
			projectDirPath = "";
			projectRoot = "";
			targets = (
				50E4BAC41B9E8D72002488A6 /* Example */,
			);
		};
/* End PBXProject section */

/* Begin PBXResourcesBuildPhase section */
		50E4BAC31B9E8D72002488A6 /* Resources */ = {
			isa = PBXResourcesBuildPhase;
			buildActionMask = 2147483647;
			files = (
				506050921BFE2BBF00CFFEA4 /* MenuSectionHeaderView.xib in Resources */,
				50E4BAD41B9E8D72002488A6 /* Main.storyboard in Resources */,
				50E4BAD91B9E8D72002488A6 /* LaunchScreen.xib in Resources */,
				50E4BAD61B9E8D72002488A6 /* Images.xcassets in Resources */,
			);
			runOnlyForDeploymentPostprocessing = 0;
		};
/* End PBXResourcesBuildPhase section */

/* Begin PBXSourcesBuildPhase section */
		50E4BAC11B9E8D72002488A6 /* Sources */ = {
			isa = PBXSourcesBuildPhase;
			buildActionMask = 2147483647;
			files = (
				506050951BFE2BEA00CFFEA4 /* ViewController.m in Sources */,
				5060508A1BFE2B9D00CFFEA4 /* MenuSection.m in Sources */,
				5060508D1BFE2BA600CFFEA4 /* FakeModelBuilder.m in Sources */,
				50E4BACE1B9E8D72002488A6 /* AppDelegate.m in Sources */,
				506050911BFE2BBF00CFFEA4 /* MenuSectionHeaderView.m in Sources */,
				50E4BACB1B9E8D72002488A6 /* main.m in Sources */,
			);
			runOnlyForDeploymentPostprocessing = 0;
		};
/* End PBXSourcesBuildPhase section */

/* Begin PBXVariantGroup section */
		50E4BAD21B9E8D72002488A6 /* Main.storyboard */ = {
			isa = PBXVariantGroup;
			children = (
				50E4BAD31B9E8D72002488A6 /* Base */,
			);
			name = Main.storyboard;
			sourceTree = "<group>";
		};
		50E4BAD71B9E8D72002488A6 /* LaunchScreen.xib */ = {
			isa = PBXVariantGroup;
			children = (
				50E4BAD81B9E8D72002488A6 /* Base */,
			);
			name = LaunchScreen.xib;
			sourceTree = "<group>";
		};
/* End PBXVariantGroup section */

/* Begin XCBuildConfiguration section */
		50E4BAE61B9E8D72002488A6 /* Debug */ = {
			isa = XCBuildConfiguration;
			buildSettings = {
				ALWAYS_SEARCH_USER_PATHS = NO;
				CLANG_CXX_LANGUAGE_STANDARD = "gnu++0x";
				CLANG_CXX_LIBRARY = "libc++";
				CLANG_ENABLE_MODULES = YES;
				CLANG_ENABLE_OBJC_ARC = YES;
				CLANG_WARN_BOOL_CONVERSION = YES;
				CLANG_WARN_CONSTANT_CONVERSION = YES;
				CLANG_WARN_DIRECT_OBJC_ISA_USAGE = YES_ERROR;
				CLANG_WARN_EMPTY_BODY = YES;
				CLANG_WARN_ENUM_CONVERSION = YES;
				CLANG_WARN_INT_CONVERSION = YES;
				CLANG_WARN_OBJC_ROOT_CLASS = YES_ERROR;
				CLANG_WARN_UNREACHABLE_CODE = YES;
				CLANG_WARN__DUPLICATE_METHOD_MATCH = YES;
				"CODE_SIGN_IDENTITY[sdk=iphoneos*]" = "iPhone Developer";
				COPY_PHASE_STRIP = NO;
				DEBUG_INFORMATION_FORMAT = "dwarf-with-dsym";
				ENABLE_STRICT_OBJC_MSGSEND = YES;
				ENABLE_TESTABILITY = YES;
				GCC_C_LANGUAGE_STANDARD = gnu99;
				GCC_DYNAMIC_NO_PIC = NO;
				GCC_NO_COMMON_BLOCKS = YES;
				GCC_OPTIMIZATION_LEVEL = 0;
				GCC_PREPROCESSOR_DEFINITIONS = (
					"DEBUG=1",
					"$(inherited)",
				);
				GCC_SYMBOLS_PRIVATE_EXTERN = NO;
				GCC_WARN_64_TO_32_BIT_CONVERSION = YES;
				GCC_WARN_ABOUT_RETURN_TYPE = YES_ERROR;
				GCC_WARN_UNDECLARED_SELECTOR = YES;
				GCC_WARN_UNINITIALIZED_AUTOS = YES_AGGRESSIVE;
				GCC_WARN_UNUSED_FUNCTION = YES;
				GCC_WARN_UNUSED_VARIABLE = YES;
				IPHONEOS_DEPLOYMENT_TARGET = 8.1;
				MTL_ENABLE_DEBUG_INFO = YES;
				ONLY_ACTIVE_ARCH = YES;
				SDKROOT = iphoneos;
				TARGETED_DEVICE_FAMILY = "1,2";
			};
			name = Debug;
		};
		50E4BAE71B9E8D72002488A6 /* Release */ = {
			isa = XCBuildConfiguration;
			buildSettings = {
				ALWAYS_SEARCH_USER_PATHS = NO;
				CLANG_CXX_LANGUAGE_STANDARD = "gnu++0x";
				CLANG_CXX_LIBRARY = "libc++";
				CLANG_ENABLE_MODULES = YES;
				CLANG_ENABLE_OBJC_ARC = YES;
				CLANG_WARN_BOOL_CONVERSION = YES;
				CLANG_WARN_CONSTANT_CONVERSION = YES;
				CLANG_WARN_DIRECT_OBJC_ISA_USAGE = YES_ERROR;
				CLANG_WARN_EMPTY_BODY = YES;
				CLANG_WARN_ENUM_CONVERSION = YES;
				CLANG_WARN_INT_CONVERSION = YES;
				CLANG_WARN_OBJC_ROOT_CLASS = YES_ERROR;
				CLANG_WARN_UNREACHABLE_CODE = YES;
				CLANG_WARN__DUPLICATE_METHOD_MATCH = YES;
				"CODE_SIGN_IDENTITY[sdk=iphoneos*]" = "iPhone Developer";
				COPY_PHASE_STRIP = NO;
				DEBUG_INFORMATION_FORMAT = "dwarf-with-dsym";
				ENABLE_NS_ASSERTIONS = NO;
				ENABLE_STRICT_OBJC_MSGSEND = YES;
				GCC_C_LANGUAGE_STANDARD = gnu99;
				GCC_NO_COMMON_BLOCKS = YES;
				GCC_WARN_64_TO_32_BIT_CONVERSION = YES;
				GCC_WARN_ABOUT_RETURN_TYPE = YES_ERROR;
				GCC_WARN_UNDECLARED_SELECTOR = YES;
				GCC_WARN_UNINITIALIZED_AUTOS = YES_AGGRESSIVE;
				GCC_WARN_UNUSED_FUNCTION = YES;
				GCC_WARN_UNUSED_VARIABLE = YES;
				IPHONEOS_DEPLOYMENT_TARGET = 8.1;
				MTL_ENABLE_DEBUG_INFO = NO;
				SDKROOT = iphoneos;
				TARGETED_DEVICE_FAMILY = "1,2";
				VALIDATE_PRODUCT = YES;
			};
			name = Release;
		};
		50E4BAE91B9E8D72002488A6 /* Debug */ = {
			isa = XCBuildConfiguration;
			buildSettings = {
				ASSETCATALOG_COMPILER_APPICON_NAME = AppIcon;
				INFOPLIST_FILE = Example/Info.plist;
				IPHONEOS_DEPLOYMENT_TARGET = 8.1;
				LD_RUNPATH_SEARCH_PATHS = "$(inherited) @executable_path/Frameworks";
				PRODUCT_BUNDLE_IDENTIFIER = "com.robertnash.$(PRODUCT_NAME:rfc1034identifier)";
				PRODUCT_NAME = "$(TARGET_NAME)";
			};
			name = Debug;
		};
		50E4BAEA1B9E8D72002488A6 /* Release */ = {
			isa = XCBuildConfiguration;
			buildSettings = {
				ASSETCATALOG_COMPILER_APPICON_NAME = AppIcon;
				INFOPLIST_FILE = Example/Info.plist;
				IPHONEOS_DEPLOYMENT_TARGET = 8.1;
				LD_RUNPATH_SEARCH_PATHS = "$(inherited) @executable_path/Frameworks";
				PRODUCT_BUNDLE_IDENTIFIER = "com.robertnash.$(PRODUCT_NAME:rfc1034identifier)";
				PRODUCT_NAME = "$(TARGET_NAME)";
			};
			name = Release;
		};
/* End XCBuildConfiguration section */

/* Begin XCConfigurationList section */
		50E4BAC01B9E8D72002488A6 /* Build configuration list for PBXProject "Example" */ = {
			isa = XCConfigurationList;
			buildConfigurations = (
				50E4BAE61B9E8D72002488A6 /* Debug */,
				50E4BAE71B9E8D72002488A6 /* Release */,
			);
			defaultConfigurationIsVisible = 0;
			defaultConfigurationName = Release;
		};
		50E4BAE81B9E8D72002488A6 /* Build configuration list for PBXNativeTarget "Example" */ = {
			isa = XCConfigurationList;
			buildConfigurations = (
				50E4BAE91B9E8D72002488A6 /* Debug */,
				50E4BAEA1B9E8D72002488A6 /* Release */,
			);
			defaultConfigurationIsVisible = 0;
			defaultConfigurationName = Release;
		};
/* End XCConfigurationList section */
	};
	rootObject = 50E4BABD1B9E8D72002488A6 /* Project object */;
}
