// !$*UTF8*$!
{
	archiveVersion = 1;
	classes = {
	};
	objectVersion = 46;
	objects = {

/* Begin PBXBuildFile section */
		5014C7311D796FF8000322FE /* CollapsableTableKit.framework in Frameworks */ = {isa = PBXBuildFile; fileRef = 5014C7301D796FF8000322FE /* CollapsableTableKit.framework */; };
		5014C7321D796FF8000322FE /* CollapsableTableKit.framework in Embed Frameworks */ = {isa = PBXBuildFile; fileRef = 5014C7301D796FF8000322FE /* CollapsableTableKit.framework */; settings = {ATTRIBUTES = (CodeSignOnCopy, RemoveHeadersOnCopy, ); }; };
		501C23EA1C9EE7EB003E3666 /* MeterView.xib in Resources */ = {isa = PBXBuildFile; fileRef = 501C23E91C9EE7EB003E3666 /* MeterView.xib */; };
		501C23EE1C9EE864003E3666 /* MeterView.m in Sources */ = {isa = PBXBuildFile; fileRef = 501C23ED1C9EE864003E3666 /* MeterView.m */; };
		501C23F31C9EED32003E3666 /* ArrowSectionHeaderView.m in Sources */ = {isa = PBXBuildFile; fileRef = 501C23F11C9EED32003E3666 /* ArrowSectionHeaderView.m */; };
		501C23F41C9EED32003E3666 /* ArrowSectionHeaderView.xib in Resources */ = {isa = PBXBuildFile; fileRef = 501C23F21C9EED32003E3666 /* ArrowSectionHeaderView.xib */; };
		501C23F61C9EEDFD003E3666 /* MeterSectionHeaderView.xib in Resources */ = {isa = PBXBuildFile; fileRef = 501C23F51C9EEDFD003E3666 /* MeterSectionHeaderView.xib */; };
		501C23FA1C9EEE0F003E3666 /* MeterSectionHeaderView.m in Sources */ = {isa = PBXBuildFile; fileRef = 501C23F91C9EEE0F003E3666 /* MeterSectionHeaderView.m */; };
		501C240A1C9F263C003E3666 /* UILabel+flash.m in Sources */ = {isa = PBXBuildFile; fileRef = 501C24091C9F263C003E3666 /* UILabel+flash.m */; };
		501C240C1C9F27EE003E3666 /* StarsSectionHeaderView.xib in Resources */ = {isa = PBXBuildFile; fileRef = 501C240B1C9F27EE003E3666 /* StarsSectionHeaderView.xib */; };
		501C24101C9F27FD003E3666 /* StarsSectionHeaderView.m in Sources */ = {isa = PBXBuildFile; fileRef = 501C240F1C9F27FD003E3666 /* StarsSectionHeaderView.m */; };
		503D30981C9DCDBE0001FF90 /* main.m in Sources */ = {isa = PBXBuildFile; fileRef = 503D30971C9DCDBE0001FF90 /* main.m */; };
		50F4907F1C9DD68C000CFB95 /* LaunchScreen.storyboard in Resources */ = {isa = PBXBuildFile; fileRef = 50F4907B1C9DD68C000CFB95 /* LaunchScreen.storyboard */; };
		50F490801C9DD68C000CFB95 /* Main.storyboard in Resources */ = {isa = PBXBuildFile; fileRef = 50F4907D1C9DD68C000CFB95 /* Main.storyboard */; };
		50F490831C9DD95D000CFB95 /* AppDelegate.m in Sources */ = {isa = PBXBuildFile; fileRef = 50F490821C9DD95D000CFB95 /* AppDelegate.m */; };
		50F490861C9DD968000CFB95 /* FakeModelBuilder.m in Sources */ = {isa = PBXBuildFile; fileRef = 50F490851C9DD968000CFB95 /* FakeModelBuilder.m */; };
		50F490891C9DD975000CFB95 /* MenuSection.m in Sources */ = {isa = PBXBuildFile; fileRef = 50F490881C9DD975000CFB95 /* MenuSection.m */; };
		50F490911C9DD98D000CFB95 /* ViewController.m in Sources */ = {isa = PBXBuildFile; fileRef = 50F490901C9DD98D000CFB95 /* ViewController.m */; };
		50F490931C9DD99A000CFB95 /* Assets.xcassets in Resources */ = {isa = PBXBuildFile; fileRef = 50F490921C9DD99A000CFB95 /* Assets.xcassets */; };
/* End PBXBuildFile section */

/* Begin PBXCopyFilesBuildPhase section */
		5014C7331D796FF8000322FE /* Embed Frameworks */ = {
			isa = PBXCopyFilesBuildPhase;
			buildActionMask = 2147483647;
			dstPath = "";
			dstSubfolderSpec = 10;
			files = (
				5014C7321D796FF8000322FE /* CollapsableTableKit.framework in Embed Frameworks */,
			);
			name = "Embed Frameworks";
			runOnlyForDeploymentPostprocessing = 0;
		};
/* End PBXCopyFilesBuildPhase section */

/* Begin PBXFileReference section */
		5014C7301D796FF8000322FE /* CollapsableTableKit.framework */ = {isa = PBXFileReference; lastKnownFileType = wrapper.framework; name = CollapsableTableKit.framework; path = Carthage/Build/iOS/CollapsableTableKit.framework; sourceTree = "<group>"; };
		501C23E91C9EE7EB003E3666 /* MeterView.xib */ = {isa = PBXFileReference; fileEncoding = 4; lastKnownFileType = file.xib; name = MeterView.xib; path = CollapsableOptions/MeterView.xib; sourceTree = SOURCE_ROOT; };
		501C23EC1C9EE864003E3666 /* MeterView.h */ = {isa = PBXFileReference; fileEncoding = 4; lastKnownFileType = sourcecode.c.h; path = MeterView.h; sourceTree = SOURCE_ROOT; };
		501C23ED1C9EE864003E3666 /* MeterView.m */ = {isa = PBXFileReference; fileEncoding = 4; lastKnownFileType = sourcecode.c.objc; path = MeterView.m; sourceTree = SOURCE_ROOT; };
		501C23F01C9EED32003E3666 /* ArrowSectionHeaderView.h */ = {isa = PBXFileReference; fileEncoding = 4; lastKnownFileType = sourcecode.c.h; name = ArrowSectionHeaderView.h; path = CollapsableOptions/ArrowSectionHeaderView.h; sourceTree = SOURCE_ROOT; };
		501C23F11C9EED32003E3666 /* ArrowSectionHeaderView.m */ = {isa = PBXFileReference; fileEncoding = 4; lastKnownFileType = sourcecode.c.objc; name = ArrowSectionHeaderView.m; path = CollapsableOptions/ArrowSectionHeaderView.m; sourceTree = SOURCE_ROOT; };
		501C23F21C9EED32003E3666 /* ArrowSectionHeaderView.xib */ = {isa = PBXFileReference; fileEncoding = 4; lastKnownFileType = file.xib; name = ArrowSectionHeaderView.xib; path = CollapsableOptions/ArrowSectionHeaderView.xib; sourceTree = SOURCE_ROOT; };
		501C23F51C9EEDFD003E3666 /* MeterSectionHeaderView.xib */ = {isa = PBXFileReference; fileEncoding = 4; lastKnownFileType = file.xib; path = MeterSectionHeaderView.xib; sourceTree = SOURCE_ROOT; };
		501C23F81C9EEE0F003E3666 /* MeterSectionHeaderView.h */ = {isa = PBXFileReference; fileEncoding = 4; lastKnownFileType = sourcecode.c.h; path = MeterSectionHeaderView.h; sourceTree = SOURCE_ROOT; };
		501C23F91C9EEE0F003E3666 /* MeterSectionHeaderView.m */ = {isa = PBXFileReference; fileEncoding = 4; lastKnownFileType = sourcecode.c.objc; path = MeterSectionHeaderView.m; sourceTree = SOURCE_ROOT; };
		501C24081C9F263C003E3666 /* UILabel+flash.h */ = {isa = PBXFileReference; fileEncoding = 4; lastKnownFileType = sourcecode.c.h; path = "UILabel+flash.h"; sourceTree = SOURCE_ROOT; };
		501C24091C9F263C003E3666 /* UILabel+flash.m */ = {isa = PBXFileReference; fileEncoding = 4; lastKnownFileType = sourcecode.c.objc; path = "UILabel+flash.m"; sourceTree = SOURCE_ROOT; };
		501C240B1C9F27EE003E3666 /* StarsSectionHeaderView.xib */ = {isa = PBXFileReference; fileEncoding = 4; lastKnownFileType = file.xib; path = StarsSectionHeaderView.xib; sourceTree = SOURCE_ROOT; };
		501C240E1C9F27FD003E3666 /* StarsSectionHeaderView.h */ = {isa = PBXFileReference; fileEncoding = 4; lastKnownFileType = sourcecode.c.h; path = StarsSectionHeaderView.h; sourceTree = SOURCE_ROOT; };
		501C240F1C9F27FD003E3666 /* StarsSectionHeaderView.m */ = {isa = PBXFileReference; fileEncoding = 4; lastKnownFileType = sourcecode.c.objc; path = StarsSectionHeaderView.m; sourceTree = SOURCE_ROOT; };
		503D30931C9DCDBE0001FF90 /* CollapsableOptions.app */ = {isa = PBXFileReference; explicitFileType = wrapper.application; includeInIndex = 0; path = CollapsableOptions.app; sourceTree = BUILT_PRODUCTS_DIR; };
		503D30971C9DCDBE0001FF90 /* main.m */ = {isa = PBXFileReference; lastKnownFileType = sourcecode.c.objc; name = main.m; path = ../CollapsableOptions/main.m; sourceTree = "<group>"; };
		50F4907C1C9DD68C000CFB95 /* Base */ = {isa = PBXFileReference; lastKnownFileType = file.storyboard; name = Base; path = CollapsableOptions/Base.lproj/LaunchScreen.storyboard; sourceTree = SOURCE_ROOT; };
		50F4907E1C9DD68C000CFB95 /* Base */ = {isa = PBXFileReference; lastKnownFileType = file.storyboard; name = Base; path = CollapsableOptions/Base.lproj/Main.storyboard; sourceTree = SOURCE_ROOT; };
		50F490811C9DD95D000CFB95 /* AppDelegate.h */ = {isa = PBXFileReference; fileEncoding = 4; lastKnownFileType = sourcecode.c.h; name = AppDelegate.h; path = CollapsableOptions/AppDelegate.h; sourceTree = SOURCE_ROOT; };
		50F490821C9DD95D000CFB95 /* AppDelegate.m */ = {isa = PBXFileReference; fileEncoding = 4; lastKnownFileType = sourcecode.c.objc; name = AppDelegate.m; path = CollapsableOptions/AppDelegate.m; sourceTree = SOURCE_ROOT; };
		50F490841C9DD968000CFB95 /* FakeModelBuilder.h */ = {isa = PBXFileReference; fileEncoding = 4; lastKnownFileType = sourcecode.c.h; name = FakeModelBuilder.h; path = CollapsableOptions/FakeModelBuilder.h; sourceTree = SOURCE_ROOT; };
		50F490851C9DD968000CFB95 /* FakeModelBuilder.m */ = {isa = PBXFileReference; fileEncoding = 4; lastKnownFileType = sourcecode.c.objc; name = FakeModelBuilder.m; path = CollapsableOptions/FakeModelBuilder.m; sourceTree = SOURCE_ROOT; };
		50F490871C9DD975000CFB95 /* MenuSection.h */ = {isa = PBXFileReference; fileEncoding = 4; lastKnownFileType = sourcecode.c.h; name = MenuSection.h; path = CollapsableOptions/MenuSection.h; sourceTree = SOURCE_ROOT; };
		50F490881C9DD975000CFB95 /* MenuSection.m */ = {isa = PBXFileReference; fileEncoding = 4; lastKnownFileType = sourcecode.c.objc; name = MenuSection.m; path = CollapsableOptions/MenuSection.m; sourceTree = SOURCE_ROOT; };
		50F4908F1C9DD98D000CFB95 /* ViewController.h */ = {isa = PBXFileReference; fileEncoding = 4; lastKnownFileType = sourcecode.c.h; name = ViewController.h; path = CollapsableOptions/ViewController.h; sourceTree = SOURCE_ROOT; };
		50F490901C9DD98D000CFB95 /* ViewController.m */ = {isa = PBXFileReference; fileEncoding = 4; lastKnownFileType = sourcecode.c.objc; name = ViewController.m; path = CollapsableOptions/ViewController.m; sourceTree = SOURCE_ROOT; };
		50F490921C9DD99A000CFB95 /* Assets.xcassets */ = {isa = PBXFileReference; lastKnownFileType = folder.assetcatalog; name = Assets.xcassets; path = CollapsableOptions/Assets.xcassets; sourceTree = SOURCE_ROOT; };
		50F490941C9DD9A4000CFB95 /* Info.plist */ = {isa = PBXFileReference; fileEncoding = 4; lastKnownFileType = text.plist.xml; name = Info.plist; path = CollapsableOptions/Info.plist; sourceTree = SOURCE_ROOT; };
/* End PBXFileReference section */

/* Begin PBXFrameworksBuildPhase section */
		503D30901C9DCDBE0001FF90 /* Frameworks */ = {
			isa = PBXFrameworksBuildPhase;
			buildActionMask = 2147483647;
			files = (
				5014C7311D796FF8000322FE /* CollapsableTableKit.framework in Frameworks */,
			);
			runOnlyForDeploymentPostprocessing = 0;
		};
/* End PBXFrameworksBuildPhase section */

/* Begin PBXGroup section */
		501C23E31C9EE781003E3666 /* ArrowSectionHeaderView */ = {
			isa = PBXGroup;
			children = (
				501C23F01C9EED32003E3666 /* ArrowSectionHeaderView.h */,
				501C23F11C9EED32003E3666 /* ArrowSectionHeaderView.m */,
				501C23F21C9EED32003E3666 /* ArrowSectionHeaderView.xib */,
			);
			name = ArrowSectionHeaderView;
			sourceTree = "<group>";
		};
		501C23E41C9EE788003E3666 /* MenuSection */ = {
			isa = PBXGroup;
			children = (
				50F490871C9DD975000CFB95 /* MenuSection.h */,
				50F490881C9DD975000CFB95 /* MenuSection.m */,
			);
			name = MenuSection;
			sourceTree = "<group>";
		};
		501C23E51C9EE78D003E3666 /* FakeModelBuilder */ = {
			isa = PBXGroup;
			children = (
				50F490841C9DD968000CFB95 /* FakeModelBuilder.h */,
				50F490851C9DD968000CFB95 /* FakeModelBuilder.m */,
			);
			name = FakeModelBuilder;
			sourceTree = "<group>";
		};
		501C23E61C9EE794003E3666 /* AppDelegate */ = {
			isa = PBXGroup;
			children = (
				50F490811C9DD95D000CFB95 /* AppDelegate.h */,
				50F490821C9DD95D000CFB95 /* AppDelegate.m */,
			);
			name = AppDelegate;
			sourceTree = "<group>";
		};
		501C23E71C9EE79A003E3666 /* ViewController */ = {
			isa = PBXGroup;
			children = (
				50F4908F1C9DD98D000CFB95 /* ViewController.h */,
				50F490901C9DD98D000CFB95 /* ViewController.m */,
			);
			name = ViewController;
			sourceTree = "<group>";
		};
		501C23E81C9EE7B1003E3666 /* Storyboards */ = {
			isa = PBXGroup;
			children = (
				50F4907B1C9DD68C000CFB95 /* LaunchScreen.storyboard */,
				50F4907D1C9DD68C000CFB95 /* Main.storyboard */,
			);
			name = Storyboards;
			sourceTree = "<group>";
		};
		501C23EB1C9EE85A003E3666 /* MeterView */ = {
			isa = PBXGroup;
			children = (
				501C23EC1C9EE864003E3666 /* MeterView.h */,
				501C23ED1C9EE864003E3666 /* MeterView.m */,
				501C23E91C9EE7EB003E3666 /* MeterView.xib */,
			);
			name = MeterView;
			sourceTree = "<group>";
		};
		501C23EF1C9EE86E003E3666 /* Views */ = {
			isa = PBXGroup;
			children = (
				501C24001C9F2448003E3666 /* Meter */,
				501C24011C9F244C003E3666 /* Arrow */,
				501C24121C9F2862003E3666 /* Stars */,
			);
			name = Views;
			sourceTree = "<group>";
		};
		501C23F71C9EEE02003E3666 /* MeterSectionHeaderView */ = {
			isa = PBXGroup;
			children = (
				501C23F81C9EEE0F003E3666 /* MeterSectionHeaderView.h */,
				501C23F91C9EEE0F003E3666 /* MeterSectionHeaderView.m */,
				501C23F51C9EEDFD003E3666 /* MeterSectionHeaderView.xib */,
			);
			name = MeterSectionHeaderView;
			sourceTree = "<group>";
		};
		501C23FB1C9EFC42003E3666 /* Model */ = {
			isa = PBXGroup;
			children = (
				501C23E51C9EE78D003E3666 /* FakeModelBuilder */,
				501C23E41C9EE788003E3666 /* MenuSection */,
			);
			name = Model;
			sourceTree = "<group>";
		};
		501C24001C9F2448003E3666 /* Meter */ = {
			isa = PBXGroup;
			children = (
				501C23EB1C9EE85A003E3666 /* MeterView */,
				501C23F71C9EEE02003E3666 /* MeterSectionHeaderView */,
			);
			name = Meter;
			sourceTree = "<group>";
		};
		501C24011C9F244C003E3666 /* Arrow */ = {
			isa = PBXGroup;
			children = (
				501C23E31C9EE781003E3666 /* ArrowSectionHeaderView */,
			);
			name = Arrow;
			sourceTree = "<group>";
		};
		501C240D1C9F27F2003E3666 /* StarsSectionHeaderView */ = {
			isa = PBXGroup;
			children = (
				501C240E1C9F27FD003E3666 /* StarsSectionHeaderView.h */,
				501C240F1C9F27FD003E3666 /* StarsSectionHeaderView.m */,
				501C240B1C9F27EE003E3666 /* StarsSectionHeaderView.xib */,
			);
			name = StarsSectionHeaderView;
			sourceTree = "<group>";
		};
		501C24111C9F285E003E3666 /* UILabel+flash */ = {
			isa = PBXGroup;
			children = (
				501C24081C9F263C003E3666 /* UILabel+flash.h */,
				501C24091C9F263C003E3666 /* UILabel+flash.m */,
			);
			name = "UILabel+flash";
			sourceTree = "<group>";
		};
		501C24121C9F2862003E3666 /* Stars */ = {
			isa = PBXGroup;
			children = (
				501C24111C9F285E003E3666 /* UILabel+flash */,
				501C240D1C9F27F2003E3666 /* StarsSectionHeaderView */,
			);
			name = Stars;
			sourceTree = "<group>";
		};
		503D308A1C9DCDBE0001FF90 = {
			isa = PBXGroup;
			children = (
				5014C7301D796FF8000322FE /* CollapsableTableKit.framework */,
				503D30951C9DCDBE0001FF90 /* CollapsableOptions */,
				503D30941C9DCDBE0001FF90 /* Products */,
			);
			sourceTree = "<group>";
		};
		503D30941C9DCDBE0001FF90 /* Products */ = {
			isa = PBXGroup;
			children = (
				503D30931C9DCDBE0001FF90 /* CollapsableOptions.app */,
			);
			name = Products;
			sourceTree = "<group>";
		};
		503D30951C9DCDBE0001FF90 /* CollapsableOptions */ = {
			isa = PBXGroup;
			children = (
				501C23E61C9EE794003E3666 /* AppDelegate */,
				501C23FB1C9EFC42003E3666 /* Model */,
				501C23EF1C9EE86E003E3666 /* Views */,
				501C23E71C9EE79A003E3666 /* ViewController */,
				501C23E81C9EE7B1003E3666 /* Storyboards */,
				503D30961C9DCDBE0001FF90 /* Supporting Files */,
			);
			name = CollapsableOptions;
			path = CollapsableTable;
			sourceTree = "<group>";
		};
		503D30961C9DCDBE0001FF90 /* Supporting Files */ = {
			isa = PBXGroup;
			children = (
				50F490921C9DD99A000CFB95 /* Assets.xcassets */,
				50F490941C9DD9A4000CFB95 /* Info.plist */,
				503D30971C9DCDBE0001FF90 /* main.m */,
			);
			name = "Supporting Files";
			sourceTree = "<group>";
		};
/* End PBXGroup section */

/* Begin PBXNativeTarget section */
		503D30921C9DCDBE0001FF90 /* CollapsableOptions */ = {
			isa = PBXNativeTarget;
			buildConfigurationList = 503D30C01C9DCDBE0001FF90 /* Build configuration list for PBXNativeTarget "CollapsableOptions" */;
			buildPhases = (
				503D308F1C9DCDBE0001FF90 /* Sources */,
				503D30901C9DCDBE0001FF90 /* Frameworks */,
				503D30911C9DCDBE0001FF90 /* Resources */,
				5014C7331D796FF8000322FE /* Embed Frameworks */,
			);
			buildRules = (
			);
			dependencies = (
			);
			name = CollapsableOptions;
			productName = CollapsableTable;
			productReference = 503D30931C9DCDBE0001FF90 /* CollapsableOptions.app */;
			productType = "com.apple.product-type.application";
		};
/* End PBXNativeTarget section */

/* Begin PBXProject section */
		503D308B1C9DCDBE0001FF90 /* Project object */ = {
			isa = PBXProject;
			attributes = {
				LastUpgradeCheck = 0720;
				ORGANIZATIONNAME = "Robert Nash";
				TargetAttributes = {
					503D30921C9DCDBE0001FF90 = {
						CreatedOnToolsVersion = 7.2.1;
					};
				};
			};
			buildConfigurationList = 503D308E1C9DCDBE0001FF90 /* Build configuration list for PBXProject "CollapsableOptions" */;
			compatibilityVersion = "Xcode 3.2";
			developmentRegion = English;
			hasScannedForEncodings = 0;
			knownRegions = (
				en,
				Base,
			);
			mainGroup = 503D308A1C9DCDBE0001FF90;
			productRefGroup = 503D30941C9DCDBE0001FF90 /* Products */;
			projectDirPath = "";
			projectRoot = "";
			targets = (
				503D30921C9DCDBE0001FF90 /* CollapsableOptions */,
			);
		};
/* End PBXProject section */

/* Begin PBXResourcesBuildPhase section */
		503D30911C9DCDBE0001FF90 /* Resources */ = {
			isa = PBXResourcesBuildPhase;
			buildActionMask = 2147483647;
			files = (
				501C23EA1C9EE7EB003E3666 /* MeterView.xib in Resources */,
				501C240C1C9F27EE003E3666 /* StarsSectionHeaderView.xib in Resources */,
				501C23F61C9EEDFD003E3666 /* MeterSectionHeaderView.xib in Resources */,
				50F4907F1C9DD68C000CFB95 /* LaunchScreen.storyboard in Resources */,
				50F490931C9DD99A000CFB95 /* Assets.xcassets in Resources */,
				501C23F41C9EED32003E3666 /* ArrowSectionHeaderView.xib in Resources */,
				50F490801C9DD68C000CFB95 /* Main.storyboard in Resources */,
			);
			runOnlyForDeploymentPostprocessing = 0;
		};
/* End PBXResourcesBuildPhase section */

/* Begin PBXSourcesBuildPhase section */
		503D308F1C9DCDBE0001FF90 /* Sources */ = {
			isa = PBXSourcesBuildPhase;
			buildActionMask = 2147483647;
			files = (
				50F490911C9DD98D000CFB95 /* ViewController.m in Sources */,
				501C23FA1C9EEE0F003E3666 /* MeterSectionHeaderView.m in Sources */,
				501C24101C9F27FD003E3666 /* StarsSectionHeaderView.m in Sources */,
				50F490891C9DD975000CFB95 /* MenuSection.m in Sources */,
				50F490861C9DD968000CFB95 /* FakeModelBuilder.m in Sources */,
				501C23EE1C9EE864003E3666 /* MeterView.m in Sources */,
				501C23F31C9EED32003E3666 /* ArrowSectionHeaderView.m in Sources */,
				501C240A1C9F263C003E3666 /* UILabel+flash.m in Sources */,
				50F490831C9DD95D000CFB95 /* AppDelegate.m in Sources */,
				503D30981C9DCDBE0001FF90 /* main.m in Sources */,
			);
			runOnlyForDeploymentPostprocessing = 0;
		};
/* End PBXSourcesBuildPhase section */

/* Begin PBXVariantGroup section */
		50F4907B1C9DD68C000CFB95 /* LaunchScreen.storyboard */ = {
			isa = PBXVariantGroup;
			children = (
				50F4907C1C9DD68C000CFB95 /* Base */,
			);
			name = LaunchScreen.storyboard;
			sourceTree = "<group>";
		};
		50F4907D1C9DD68C000CFB95 /* Main.storyboard */ = {
			isa = PBXVariantGroup;
			children = (
				50F4907E1C9DD68C000CFB95 /* Base */,
			);
			name = Main.storyboard;
			sourceTree = "<group>";
		};
/* End PBXVariantGroup section */

/* Begin XCBuildConfiguration section */
		503D30BE1C9DCDBE0001FF90 /* Debug */ = {
			isa = XCBuildConfiguration;
			buildSettings = {
				ALWAYS_SEARCH_USER_PATHS = NO;
				CLANG_CXX_LANGUAGE_STANDARD = "gnu++0x";
				CLANG_CXX_LIBRARY = "libc++";
				CLANG_ENABLE_MODULES = YES;
				CLANG_ENABLE_OBJC_ARC = YES;
				CLANG_WARN_BOOL_CONVERSION = YES;
				CLANG_WARN_CONSTANT_CONVERSION = YES;
				CLANG_WARN_DIRECT_OBJC_ISA_USAGE = YES_ERROR;
				CLANG_WARN_EMPTY_BODY = YES;
				CLANG_WARN_ENUM_CONVERSION = YES;
				CLANG_WARN_INT_CONVERSION = YES;
				CLANG_WARN_OBJC_ROOT_CLASS = YES_ERROR;
				CLANG_WARN_UNREACHABLE_CODE = YES;
				CLANG_WARN__DUPLICATE_METHOD_MATCH = YES;
				"CODE_SIGN_IDENTITY[sdk=iphoneos*]" = "iPhone Developer";
				COPY_PHASE_STRIP = NO;
				DEBUG_INFORMATION_FORMAT = dwarf;
				ENABLE_STRICT_OBJC_MSGSEND = YES;
				ENABLE_TESTABILITY = YES;
				GCC_C_LANGUAGE_STANDARD = gnu99;
				GCC_DYNAMIC_NO_PIC = NO;
				GCC_NO_COMMON_BLOCKS = YES;
				GCC_OPTIMIZATION_LEVEL = 0;
				GCC_PREPROCESSOR_DEFINITIONS = (
					"DEBUG=1",
					"$(inherited)",
				);
				GCC_WARN_64_TO_32_BIT_CONVERSION = YES;
				GCC_WARN_ABOUT_RETURN_TYPE = YES_ERROR;
				GCC_WARN_UNDECLARED_SELECTOR = YES;
				GCC_WARN_UNINITIALIZED_AUTOS = YES_AGGRESSIVE;
				GCC_WARN_UNUSED_FUNCTION = YES;
				GCC_WARN_UNUSED_VARIABLE = YES;
				IPHONEOS_DEPLOYMENT_TARGET = 9.2;
				MTL_ENABLE_DEBUG_INFO = YES;
				ONLY_ACTIVE_ARCH = YES;
				SDKROOT = iphoneos;
				TARGETED_DEVICE_FAMILY = "1,2";
			};
			name = Debug;
		};
		503D30BF1C9DCDBE0001FF90 /* Release */ = {
			isa = XCBuildConfiguration;
			buildSettings = {
				ALWAYS_SEARCH_USER_PATHS = NO;
				CLANG_CXX_LANGUAGE_STANDARD = "gnu++0x";
				CLANG_CXX_LIBRARY = "libc++";
				CLANG_ENABLE_MODULES = YES;
				CLANG_ENABLE_OBJC_ARC = YES;
				CLANG_WARN_BOOL_CONVERSION = YES;
				CLANG_WARN_CONSTANT_CONVERSION = YES;
				CLANG_WARN_DIRECT_OBJC_ISA_USAGE = YES_ERROR;
				CLANG_WARN_EMPTY_BODY = YES;
				CLANG_WARN_ENUM_CONVERSION = YES;
				CLANG_WARN_INT_CONVERSION = YES;
				CLANG_WARN_OBJC_ROOT_CLASS = YES_ERROR;
				CLANG_WARN_UNREACHABLE_CODE = YES;
				CLANG_WARN__DUPLICATE_METHOD_MATCH = YES;
				"CODE_SIGN_IDENTITY[sdk=iphoneos*]" = "iPhone Developer";
				COPY_PHASE_STRIP = NO;
				DEBUG_INFORMATION_FORMAT = "dwarf-with-dsym";
				ENABLE_NS_ASSERTIONS = NO;
				ENABLE_STRICT_OBJC_MSGSEND = YES;
				GCC_C_LANGUAGE_STANDARD = gnu99;
				GCC_NO_COMMON_BLOCKS = YES;
				GCC_WARN_64_TO_32_BIT_CONVERSION = YES;
				GCC_WARN_ABOUT_RETURN_TYPE = YES_ERROR;
				GCC_WARN_UNDECLARED_SELECTOR = YES;
				GCC_WARN_UNINITIALIZED_AUTOS = YES_AGGRESSIVE;
				GCC_WARN_UNUSED_FUNCTION = YES;
				GCC_WARN_UNUSED_VARIABLE = YES;
				IPHONEOS_DEPLOYMENT_TARGET = 9.2;
				MTL_ENABLE_DEBUG_INFO = NO;
				SDKROOT = iphoneos;
				TARGETED_DEVICE_FAMILY = "1,2";
				VALIDATE_PRODUCT = YES;
			};
			name = Release;
		};
		503D30C11C9DCDBE0001FF90 /* Debug */ = {
			isa = XCBuildConfiguration;
			buildSettings = {
				ASSETCATALOG_COMPILER_APPICON_NAME = AppIcon;
				FRAMEWORK_SEARCH_PATHS = (
					"$(inherited)",
					"$(PROJECT_DIR)/Carthage/Build/iOS",
				);
				INFOPLIST_FILE = CollapsableOptions/Info.plist;
				LD_RUNPATH_SEARCH_PATHS = "$(inherited) @executable_path/Frameworks";
				PRODUCT_BUNDLE_IDENTIFIER = com.robertnash.CollapsableOptions;
				PRODUCT_NAME = CollapsableOptions;
			};
			name = Debug;
		};
		503D30C21C9DCDBE0001FF90 /* Release */ = {
			isa = XCBuildConfiguration;
			buildSettings = {
				ASSETCATALOG_COMPILER_APPICON_NAME = AppIcon;
				FRAMEWORK_SEARCH_PATHS = (
					"$(inherited)",
					"$(PROJECT_DIR)/Carthage/Build/iOS",
				);
				INFOPLIST_FILE = CollapsableOptions/Info.plist;
				LD_RUNPATH_SEARCH_PATHS = "$(inherited) @executable_path/Frameworks";
				PRODUCT_BUNDLE_IDENTIFIER = com.robertnash.CollapsableOptions;
				PRODUCT_NAME = CollapsableOptions;
			};
			name = Release;
		};
/* End XCBuildConfiguration section */

/* Begin XCConfigurationList section */
		503D308E1C9DCDBE0001FF90 /* Build configuration list for PBXProject "CollapsableOptions" */ = {
			isa = XCConfigurationList;
			buildConfigurations = (
				503D30BE1C9DCDBE0001FF90 /* Debug */,
				503D30BF1C9DCDBE0001FF90 /* Release */,
			);
			defaultConfigurationIsVisible = 0;
			defaultConfigurationName = Release;
		};
		503D30C01C9DCDBE0001FF90 /* Build configuration list for PBXNativeTarget "CollapsableOptions" */ = {
			isa = XCConfigurationList;
			buildConfigurations = (
				503D30C11C9DCDBE0001FF90 /* Debug */,
				503D30C21C9DCDBE0001FF90 /* Release */,
			);
			defaultConfigurationIsVisible = 0;
			defaultConfigurationName = Release;
		};
/* End XCConfigurationList section */
	};
	rootObject = 503D308B1C9DCDBE0001FF90 /* Project object */;
}
